
Microsoft Visual Studio Solution File, Format Version 12.00
# Visual Studio 2012
Project("{FAE04EC0-301F-11D3-BF4B-00C04F79EFBC}") = "PaginasFacturas", "PaginasFacturas\PaginasFacturas.csproj", "{06FC42A0-02EC-4762-A187-CDFD985B29AA}"
EndProject
Global
	GlobalSection(SolutionConfigurationPlatforms) = preSolution
		Debug|Any CPU = Debug|Any CPU
		Release|Any CPU = Release|Any CPU
	EndGlobalSection
	GlobalSection(ProjectConfigurationPlatforms) = postSolution
		{06FC42A0-02EC-4762-A187-CDFD985B29AA}.Debug|Any CPU.ActiveCfg = Debug|Any CPU
		{06FC42A0-02EC-4762-A187-CDFD985B29AA}.Debug|Any CPU.Build.0 = Debug|Any CPU
		{06FC42A0-02EC-4762-A187-CDFD985B29AA}.Release|Any CPU.ActiveCfg = Release|Any CPU
		{06FC42A0-02EC-4762-A187-CDFD985B29AA}.Release|Any CPU.Build.0 = Release|Any CPU
	EndGlobalSection
	GlobalSection(SolutionProperties) = preSolution
		HideSolutionNode = FALSE
	EndGlobalSection
EndGlobal
